<Solution>
  <Folder Name="/Modelbouwer.UnitTests/">
    <File Path="Modelbouwer.UnitTests/GlobalUsings.cs" />
    <File Path="Modelbouwer.UnitTests/Modelbouwer.UnitTests.csproj" />
  </Folder>
  <Folder Name="/Modelbouwer.UnitTests/Builds/" />
  <Folder Name="/Modelbouwer.UnitTests/Builds/Debug/" />
  <Folder Name="/Modelbouwer.UnitTests/Builds/Debug/net10.0-windows/">
    <File Path="Modelbouwer.UnitTests/Builds/Debug/net10.0-windows/.msCoverageSourceRootsMapping_Modelbouwer.UnitTests" />
    <File Path="Modelbouwer.UnitTests/Builds/Debug/net10.0-windows/BouncyCastle.Cryptography.dll" />
    <File Path="Modelbouwer.UnitTests/Builds/Debug/net10.0-windows/Castle.Core.dll" />
    <File Path="Modelbouwer.UnitTests/Builds/Debug/net10.0-windows/ClosedXML.dll" />
    <File Path="Modelbouwer.UnitTests/Builds/Debug/net10.0-windows/ClosedXML.Parser.dll" />
    <File Path="Modelbouwer.UnitTests/Builds/Debug/net10.0-windows/CommunityToolkit.Mvvm.dll" />
    <File Path="Modelbouwer.UnitTests/Builds/Debug/net10.0-windows/DocumentFormat.OpenXml.dll" />
    <File Path="Modelbouwer.UnitTests/Builds/Debug/net10.0-windows/DocumentFormat.OpenXml.Framework.dll" />
    <File Path="Modelbouwer.UnitTests/Builds/Debug/net10.0-windows/ExcelNumberFormat.dll" />
    <File Path="Modelbouwer.UnitTests/Builds/Debug/net10.0-windows/Google.Protobuf.dll" />
    <File Path="Modelbouwer.UnitTests/Builds/Debug/net10.0-windows/K4os.Compression.LZ4.dll" />
    <File Path="Modelbouwer.UnitTests/Builds/Debug/net10.0-windows/K4os.Compression.LZ4.Streams.dll" />
    <File Path="Modelbouwer.UnitTests/Builds/Debug/net10.0-windows/K4os.Hash.xxHash.dll" />
    <File Path="Modelbouwer.UnitTests/Builds/Debug/net10.0-windows/Microsoft.ApplicationInsights.dll" />
    <File Path="Modelbouwer.UnitTests/Builds/Debug/net10.0-windows/Microsoft.Extensions.Configuration.Abstractions.dll" />
    <File Path="Modelbouwer.UnitTests/Builds/Debug/net10.0-windows/Microsoft.Extensions.Configuration.Binder.dll" />
    <File Path="Modelbouwer.UnitTests/Builds/Debug/net10.0-windows/Microsoft.Extensions.Configuration.CommandLine.dll" />
    <File Path="Modelbouwer.UnitTests/Builds/Debug/net10.0-windows/Microsoft.Extensions.Configuration.dll" />
    <File Path="Modelbouwer.UnitTests/Builds/Debug/net10.0-windows/Microsoft.Extensions.Configuration.EnvironmentVariables.dll" />
    <File Path="Modelbouwer.UnitTests/Builds/Debug/net10.0-windows/Microsoft.Extensions.Configuration.FileExtensions.dll" />
    <File Path="Modelbouwer.UnitTests/Builds/Debug/net10.0-windows/Microsoft.Extensions.Configuration.Json.dll" />
    <File Path="Modelbouwer.UnitTests/Builds/Debug/net10.0-windows/Microsoft.Extensions.Configuration.UserSecrets.dll" />
    <File Path="Modelbouwer.UnitTests/Builds/Debug/net10.0-windows/Microsoft.Extensions.DependencyInjection.Abstractions.dll" />
    <File Path="Modelbouwer.UnitTests/Builds/Debug/net10.0-windows/Microsoft.Extensions.DependencyInjection.dll" />
    <File Path="Modelbouwer.UnitTests/Builds/Debug/net10.0-windows/Microsoft.Extensions.Diagnostics.Abstractions.dll" />
    <File Path="Modelbouwer.UnitTests/Builds/Debug/net10.0-windows/Microsoft.Extensions.Diagnostics.dll" />
    <File Path="Modelbouwer.UnitTests/Builds/Debug/net10.0-windows/Microsoft.Extensions.FileProviders.Abstractions.dll" />
    <File Path="Modelbouwer.UnitTests/Builds/Debug/net10.0-windows/Microsoft.Extensions.FileProviders.Physical.dll" />
    <File Path="Modelbouwer.UnitTests/Builds/Debug/net10.0-windows/Microsoft.Extensions.FileSystemGlobbing.dll" />
    <File Path="Modelbouwer.UnitTests/Builds/Debug/net10.0-windows/Microsoft.Extensions.Hosting.Abstractions.dll" />
    <File Path="Modelbouwer.UnitTests/Builds/Debug/net10.0-windows/Microsoft.Extensions.Hosting.dll" />
    <File Path="Modelbouwer.UnitTests/Builds/Debug/net10.0-windows/Microsoft.Extensions.Logging.Abstractions.dll" />
    <File Path="Modelbouwer.UnitTests/Builds/Debug/net10.0-windows/Microsoft.Extensions.Logging.Configuration.dll" />
    <File Path="Modelbouwer.UnitTests/Builds/Debug/net10.0-windows/Microsoft.Extensions.Logging.Console.dll" />
    <File Path="Modelbouwer.UnitTests/Builds/Debug/net10.0-windows/Microsoft.Extensions.Logging.Debug.dll" />
    <File Path="Modelbouwer.UnitTests/Builds/Debug/net10.0-windows/Microsoft.Extensions.Logging.dll" />
    <File Path="Modelbouwer.UnitTests/Builds/Debug/net10.0-windows/Microsoft.Extensions.Logging.EventLog.dll" />
    <File Path="Modelbouwer.UnitTests/Builds/Debug/net10.0-windows/Microsoft.Extensions.Logging.EventSource.dll" />
    <File Path="Modelbouwer.UnitTests/Builds/Debug/net10.0-windows/Microsoft.Extensions.Options.ConfigurationExtensions.dll" />
    <File Path="Modelbouwer.UnitTests/Builds/Debug/net10.0-windows/Microsoft.Extensions.Options.dll" />
    <File Path="Modelbouwer.UnitTests/Builds/Debug/net10.0-windows/Microsoft.Extensions.Primitives.dll" />
    <File Path="Modelbouwer.UnitTests/Builds/Debug/net10.0-windows/Microsoft.Testing.Extensions.MSBuild.dll" />
    <File Path="Modelbouwer.UnitTests/Builds/Debug/net10.0-windows/Microsoft.Testing.Extensions.Telemetry.dll" />
    <File Path="Modelbouwer.UnitTests/Builds/Debug/net10.0-windows/Microsoft.Testing.Extensions.TrxReport.Abstractions.dll" />
    <File Path="Modelbouwer.UnitTests/Builds/Debug/net10.0-windows/Microsoft.Testing.Extensions.VSTestBridge.dll" />
    <File Path="Modelbouwer.UnitTests/Builds/Debug/net10.0-windows/Microsoft.Testing.Platform.dll" />
    <File Path="Modelbouwer.UnitTests/Builds/Debug/net10.0-windows/Microsoft.TestPlatform.CommunicationUtilities.dll" />
    <File Path="Modelbouwer.UnitTests/Builds/Debug/net10.0-windows/Microsoft.TestPlatform.CoreUtilities.dll" />
    <File Path="Modelbouwer.UnitTests/Builds/Debug/net10.0-windows/Microsoft.TestPlatform.CrossPlatEngine.dll" />
    <File Path="Modelbouwer.UnitTests/Builds/Debug/net10.0-windows/Microsoft.TestPlatform.PlatformAbstractions.dll" />
    <File Path="Modelbouwer.UnitTests/Builds/Debug/net10.0-windows/Microsoft.TestPlatform.Utilities.dll" />
    <File Path="Modelbouwer.UnitTests/Builds/Debug/net10.0-windows/Microsoft.VisualStudio.CodeCoverage.Shim.dll" />
    <File Path="Modelbouwer.UnitTests/Builds/Debug/net10.0-windows/Microsoft.VisualStudio.TestPlatform.Common.dll" />
    <File Path="Modelbouwer.UnitTests/Builds/Debug/net10.0-windows/Microsoft.VisualStudio.TestPlatform.ObjectModel.dll" />
    <File Path="Modelbouwer.UnitTests/Builds/Debug/net10.0-windows/Modelbouwer.deps.json" />
    <File Path="Modelbouwer.UnitTests/Builds/Debug/net10.0-windows/Modelbouwer.dll" />
    <File Path="Modelbouwer.UnitTests/Builds/Debug/net10.0-windows/Modelbouwer.exe" />
    <File Path="Modelbouwer.UnitTests/Builds/Debug/net10.0-windows/Modelbouwer.pdb" />
    <File Path="Modelbouwer.UnitTests/Builds/Debug/net10.0-windows/Modelbouwer.runtimeconfig.json" />
    <File Path="Modelbouwer.UnitTests/Builds/Debug/net10.0-windows/Modelbouwer.UnitTests.deps.json" />
    <File Path="Modelbouwer.UnitTests/Builds/Debug/net10.0-windows/Modelbouwer.UnitTests.dll" />
    <File Path="Modelbouwer.UnitTests/Builds/Debug/net10.0-windows/Modelbouwer.UnitTests.pdb" />
    <File Path="Modelbouwer.UnitTests/Builds/Debug/net10.0-windows/Modelbouwer.UnitTests.runtimeconfig.json" />
    <File Path="Modelbouwer.UnitTests/Builds/Debug/net10.0-windows/Moq.dll" />
    <File Path="Modelbouwer.UnitTests/Builds/Debug/net10.0-windows/MSTest.TestAdapter.dll" />
    <File Path="Modelbouwer.UnitTests/Builds/Debug/net10.0-windows/MSTest.TestFramework.dll" />
    <File Path="Modelbouwer.UnitTests/Builds/Debug/net10.0-windows/MSTest.TestFramework.Extensions.dll" />
    <File Path="Modelbouwer.UnitTests/Builds/Debug/net10.0-windows/MSTest.TestFramework.Extensions.xml" />
    <File Path="Modelbouwer.UnitTests/Builds/Debug/net10.0-windows/MSTestAdapter.PlatformServices.dll" />
    <File Path="Modelbouwer.UnitTests/Builds/Debug/net10.0-windows/MySql.Data.dll" />
    <File Path="Modelbouwer.UnitTests/Builds/Debug/net10.0-windows/Newtonsoft.Json.dll" />
    <File Path="Modelbouwer.UnitTests/Builds/Debug/net10.0-windows/nunit.framework.dll" />
    <File Path="Modelbouwer.UnitTests/Builds/Debug/net10.0-windows/nunit.framework.legacy.dll" />
    <File Path="Modelbouwer.UnitTests/Builds/Debug/net10.0-windows/RBush.dll" />
    <File Path="Modelbouwer.UnitTests/Builds/Debug/net10.0-windows/SixLabors.Fonts.dll" />
    <File Path="Modelbouwer.UnitTests/Builds/Debug/net10.0-windows/Syncfusion.Calculate.Base.dll" />
    <File Path="Modelbouwer.UnitTests/Builds/Debug/net10.0-windows/Syncfusion.Compression.Base.dll" />
    <File Path="Modelbouwer.UnitTests/Builds/Debug/net10.0-windows/Syncfusion.Data.WPF.dll" />
    <File Path="Modelbouwer.UnitTests/Builds/Debug/net10.0-windows/Syncfusion.DocIO.Base.dll" />
    <File Path="Modelbouwer.UnitTests/Builds/Debug/net10.0-windows/Syncfusion.Grid.WPF.dll" />
    <File Path="Modelbouwer.UnitTests/Builds/Debug/net10.0-windows/Syncfusion.GridCommon.WPF.dll" />
    <File Path="Modelbouwer.UnitTests/Builds/Debug/net10.0-windows/Syncfusion.GridConverter.WPF.dll" />
    <File Path="Modelbouwer.UnitTests/Builds/Debug/net10.0-windows/Syncfusion.Licensing.dll" />
    <File Path="Modelbouwer.UnitTests/Builds/Debug/net10.0-windows/Syncfusion.Linq.Base.dll" />
    <File Path="Modelbouwer.UnitTests/Builds/Debug/net10.0-windows/Syncfusion.Markdown.dll" />
    <File Path="Modelbouwer.UnitTests/Builds/Debug/net10.0-windows/Syncfusion.OfficeChart.Base.dll" />
    <File Path="Modelbouwer.UnitTests/Builds/Debug/net10.0-windows/Syncfusion.Pdf.Base.dll" />
    <File Path="Modelbouwer.UnitTests/Builds/Debug/net10.0-windows/Syncfusion.PivotAnalysis.Base.dll" />
    <File Path="Modelbouwer.UnitTests/Builds/Debug/net10.0-windows/Syncfusion.PivotAnalysis.Wpf.dll" />
    <File Path="Modelbouwer.UnitTests/Builds/Debug/net10.0-windows/Syncfusion.PivotGridConverter.Wpf.dll" />
    <File Path="Modelbouwer.UnitTests/Builds/Debug/net10.0-windows/Syncfusion.SfGrid.WPF.dll" />
    <File Path="Modelbouwer.UnitTests/Builds/Debug/net10.0-windows/Syncfusion.SfGridConverter.WPF.dll" />
    <File Path="Modelbouwer.UnitTests/Builds/Debug/net10.0-windows/Syncfusion.SfNavigationDrawer.WPF.dll" />
    <File Path="Modelbouwer.UnitTests/Builds/Debug/net10.0-windows/Syncfusion.Shared.WPF.dll" />
    <File Path="Modelbouwer.UnitTests/Builds/Debug/net10.0-windows/Syncfusion.Tools.WPF.dll" />
    <File Path="Modelbouwer.UnitTests/Builds/Debug/net10.0-windows/Syncfusion.XlsIO.Base.dll" />
    <File Path="Modelbouwer.UnitTests/Builds/Debug/net10.0-windows/testhost.dll" />
    <File Path="Modelbouwer.UnitTests/Builds/Debug/net10.0-windows/testhost.exe" />
    <File Path="Modelbouwer.UnitTests/Builds/Debug/net10.0-windows/xunit.abstractions.dll" />
    <File Path="Modelbouwer.UnitTests/Builds/Debug/net10.0-windows/xunit.assert.dll" />
    <File Path="Modelbouwer.UnitTests/Builds/Debug/net10.0-windows/xunit.core.dll" />
    <File Path="Modelbouwer.UnitTests/Builds/Debug/net10.0-windows/xunit.execution.dotnet.dll" />
    <File Path="Modelbouwer.UnitTests/Builds/Debug/net10.0-windows/ZstdSharp.dll" />
  </Folder>
  <Folder Name="/Modelbouwer.UnitTests/Builds/Debug/net10.0-windows/cs/">
    <File Path="Modelbouwer.UnitTests/Builds/Debug/net10.0-windows/cs/Microsoft.Testing.Extensions.MSBuild.resources.dll" />
    <File Path="Modelbouwer.UnitTests/Builds/Debug/net10.0-windows/cs/Microsoft.Testing.Extensions.Telemetry.resources.dll" />
    <File Path="Modelbouwer.UnitTests/Builds/Debug/net10.0-windows/cs/Microsoft.Testing.Extensions.VSTestBridge.resources.dll" />
    <File Path="Modelbouwer.UnitTests/Builds/Debug/net10.0-windows/cs/Microsoft.Testing.Platform.resources.dll" />
    <File Path="Modelbouwer.UnitTests/Builds/Debug/net10.0-windows/cs/Microsoft.TestPlatform.CommunicationUtilities.resources.dll" />
    <File Path="Modelbouwer.UnitTests/Builds/Debug/net10.0-windows/cs/Microsoft.TestPlatform.CoreUtilities.resources.dll" />
    <File Path="Modelbouwer.UnitTests/Builds/Debug/net10.0-windows/cs/Microsoft.TestPlatform.CrossPlatEngine.resources.dll" />
    <File Path="Modelbouwer.UnitTests/Builds/Debug/net10.0-windows/cs/Microsoft.VisualStudio.TestPlatform.Common.resources.dll" />
    <File Path="Modelbouwer.UnitTests/Builds/Debug/net10.0-windows/cs/Microsoft.VisualStudio.TestPlatform.ObjectModel.resources.dll" />
    <File Path="Modelbouwer.UnitTests/Builds/Debug/net10.0-windows/cs/MSTest.TestFramework.resources.dll" />
  </Folder>
  <Folder Name="/Modelbouwer.UnitTests/Builds/Debug/net10.0-windows/de/">
    <File Path="Modelbouwer.UnitTests/Builds/Debug/net10.0-windows/de/Microsoft.Testing.Extensions.MSBuild.resources.dll" />
    <File Path="Modelbouwer.UnitTests/Builds/Debug/net10.0-windows/de/Microsoft.Testing.Extensions.Telemetry.resources.dll" />
    <File Path="Modelbouwer.UnitTests/Builds/Debug/net10.0-windows/de/Microsoft.Testing.Extensions.VSTestBridge.resources.dll" />
    <File Path="Modelbouwer.UnitTests/Builds/Debug/net10.0-windows/de/Microsoft.Testing.Platform.resources.dll" />
    <File Path="Modelbouwer.UnitTests/Builds/Debug/net10.0-windows/de/Microsoft.TestPlatform.CommunicationUtilities.resources.dll" />
    <File Path="Modelbouwer.UnitTests/Builds/Debug/net10.0-windows/de/Microsoft.TestPlatform.CoreUtilities.resources.dll" />
    <File Path="Modelbouwer.UnitTests/Builds/Debug/net10.0-windows/de/Microsoft.TestPlatform.CrossPlatEngine.resources.dll" />
    <File Path="Modelbouwer.UnitTests/Builds/Debug/net10.0-windows/de/Microsoft.VisualStudio.TestPlatform.Common.resources.dll" />
    <File Path="Modelbouwer.UnitTests/Builds/Debug/net10.0-windows/de/Microsoft.VisualStudio.TestPlatform.ObjectModel.resources.dll" />
    <File Path="Modelbouwer.UnitTests/Builds/Debug/net10.0-windows/de/Modelbouwer.resources.dll" />
    <File Path="Modelbouwer.UnitTests/Builds/Debug/net10.0-windows/de/MSTest.TestFramework.resources.dll" />
  </Folder>
  <Folder Name="/Modelbouwer.UnitTests/Builds/Debug/net10.0-windows/en-US/">
    <File Path="Modelbouwer.UnitTests/Builds/Debug/net10.0-windows/en-US/Modelbouwer.resources.dll" />
  </Folder>
  <Folder Name="/Modelbouwer.UnitTests/Builds/Debug/net10.0-windows/es/">
    <File Path="Modelbouwer.UnitTests/Builds/Debug/net10.0-windows/es/Microsoft.Testing.Extensions.MSBuild.resources.dll" />
    <File Path="Modelbouwer.UnitTests/Builds/Debug/net10.0-windows/es/Microsoft.Testing.Extensions.Telemetry.resources.dll" />
    <File Path="Modelbouwer.UnitTests/Builds/Debug/net10.0-windows/es/Microsoft.Testing.Extensions.VSTestBridge.resources.dll" />
    <File Path="Modelbouwer.UnitTests/Builds/Debug/net10.0-windows/es/Microsoft.Testing.Platform.resources.dll" />
    <File Path="Modelbouwer.UnitTests/Builds/Debug/net10.0-windows/es/Microsoft.TestPlatform.CommunicationUtilities.resources.dll" />
    <File Path="Modelbouwer.UnitTests/Builds/Debug/net10.0-windows/es/Microsoft.TestPlatform.CoreUtilities.resources.dll" />
    <File Path="Modelbouwer.UnitTests/Builds/Debug/net10.0-windows/es/Microsoft.TestPlatform.CrossPlatEngine.resources.dll" />
    <File Path="Modelbouwer.UnitTests/Builds/Debug/net10.0-windows/es/Microsoft.VisualStudio.TestPlatform.Common.resources.dll" />
    <File Path="Modelbouwer.UnitTests/Builds/Debug/net10.0-windows/es/Microsoft.VisualStudio.TestPlatform.ObjectModel.resources.dll" />
    <File Path="Modelbouwer.UnitTests/Builds/Debug/net10.0-windows/es/MSTest.TestFramework.resources.dll" />
  </Folder>
  <Folder Name="/Modelbouwer.UnitTests/Builds/Debug/net10.0-windows/fr/">
    <File Path="Modelbouwer.UnitTests/Builds/Debug/net10.0-windows/fr/Microsoft.Testing.Extensions.MSBuild.resources.dll" />
    <File Path="Modelbouwer.UnitTests/Builds/Debug/net10.0-windows/fr/Microsoft.Testing.Extensions.Telemetry.resources.dll" />
    <File Path="Modelbouwer.UnitTests/Builds/Debug/net10.0-windows/fr/Microsoft.Testing.Extensions.VSTestBridge.resources.dll" />
    <File Path="Modelbouwer.UnitTests/Builds/Debug/net10.0-windows/fr/Microsoft.Testing.Platform.resources.dll" />
    <File Path="Modelbouwer.UnitTests/Builds/Debug/net10.0-windows/fr/Microsoft.TestPlatform.CommunicationUtilities.resources.dll" />
    <File Path="Modelbouwer.UnitTests/Builds/Debug/net10.0-windows/fr/Microsoft.TestPlatform.CoreUtilities.resources.dll" />
    <File Path="Modelbouwer.UnitTests/Builds/Debug/net10.0-windows/fr/Microsoft.TestPlatform.CrossPlatEngine.resources.dll" />
    <File Path="Modelbouwer.UnitTests/Builds/Debug/net10.0-windows/fr/Microsoft.VisualStudio.TestPlatform.Common.resources.dll" />
    <File Path="Modelbouwer.UnitTests/Builds/Debug/net10.0-windows/fr/Microsoft.VisualStudio.TestPlatform.ObjectModel.resources.dll" />
    <File Path="Modelbouwer.UnitTests/Builds/Debug/net10.0-windows/fr/MSTest.TestFramework.resources.dll" />
  </Folder>
  <Folder Name="/Modelbouwer.UnitTests/Builds/Debug/net10.0-windows/hu/" />
  <Folder Name="/Modelbouwer.UnitTests/Builds/Debug/net10.0-windows/it/">
    <File Path="Modelbouwer.UnitTests/Builds/Debug/net10.0-windows/it/Microsoft.Testing.Extensions.MSBuild.resources.dll" />
    <File Path="Modelbouwer.UnitTests/Builds/Debug/net10.0-windows/it/Microsoft.Testing.Extensions.Telemetry.resources.dll" />
    <File Path="Modelbouwer.UnitTests/Builds/Debug/net10.0-windows/it/Microsoft.Testing.Extensions.VSTestBridge.resources.dll" />
    <File Path="Modelbouwer.UnitTests/Builds/Debug/net10.0-windows/it/Microsoft.Testing.Platform.resources.dll" />
    <File Path="Modelbouwer.UnitTests/Builds/Debug/net10.0-windows/it/Microsoft.TestPlatform.CommunicationUtilities.resources.dll" />
    <File Path="Modelbouwer.UnitTests/Builds/Debug/net10.0-windows/it/Microsoft.TestPlatform.CoreUtilities.resources.dll" />
    <File Path="Modelbouwer.UnitTests/Builds/Debug/net10.0-windows/it/Microsoft.TestPlatform.CrossPlatEngine.resources.dll" />
    <File Path="Modelbouwer.UnitTests/Builds/Debug/net10.0-windows/it/Microsoft.VisualStudio.TestPlatform.Common.resources.dll" />
    <File Path="Modelbouwer.UnitTests/Builds/Debug/net10.0-windows/it/Microsoft.VisualStudio.TestPlatform.ObjectModel.resources.dll" />
    <File Path="Modelbouwer.UnitTests/Builds/Debug/net10.0-windows/it/MSTest.TestFramework.resources.dll" />
  </Folder>
  <Folder Name="/Modelbouwer.UnitTests/Builds/Debug/net10.0-windows/ja/">
    <File Path="Modelbouwer.UnitTests/Builds/Debug/net10.0-windows/ja/Microsoft.Testing.Extensions.MSBuild.resources.dll" />
    <File Path="Modelbouwer.UnitTests/Builds/Debug/net10.0-windows/ja/Microsoft.Testing.Extensions.Telemetry.resources.dll" />
    <File Path="Modelbouwer.UnitTests/Builds/Debug/net10.0-windows/ja/Microsoft.Testing.Extensions.VSTestBridge.resources.dll" />
    <File Path="Modelbouwer.UnitTests/Builds/Debug/net10.0-windows/ja/Microsoft.Testing.Platform.resources.dll" />
    <File Path="Modelbouwer.UnitTests/Builds/Debug/net10.0-windows/ja/Microsoft.TestPlatform.CommunicationUtilities.resources.dll" />
    <File Path="Modelbouwer.UnitTests/Builds/Debug/net10.0-windows/ja/Microsoft.TestPlatform.CoreUtilities.resources.dll" />
    <File Path="Modelbouwer.UnitTests/Builds/Debug/net10.0-windows/ja/Microsoft.TestPlatform.CrossPlatEngine.resources.dll" />
    <File Path="Modelbouwer.UnitTests/Builds/Debug/net10.0-windows/ja/Microsoft.VisualStudio.TestPlatform.Common.resources.dll" />
    <File Path="Modelbouwer.UnitTests/Builds/Debug/net10.0-windows/ja/Microsoft.VisualStudio.TestPlatform.ObjectModel.resources.dll" />
    <File Path="Modelbouwer.UnitTests/Builds/Debug/net10.0-windows/ja/MSTest.TestFramework.resources.dll" />
  </Folder>
  <Folder Name="/Modelbouwer.UnitTests/Builds/Debug/net10.0-windows/ko/">
    <File Path="Modelbouwer.UnitTests/Builds/Debug/net10.0-windows/ko/Microsoft.Testing.Extensions.MSBuild.resources.dll" />
    <File Path="Modelbouwer.UnitTests/Builds/Debug/net10.0-windows/ko/Microsoft.Testing.Extensions.Telemetry.resources.dll" />
    <File Path="Modelbouwer.UnitTests/Builds/Debug/net10.0-windows/ko/Microsoft.Testing.Extensions.VSTestBridge.resources.dll" />
    <File Path="Modelbouwer.UnitTests/Builds/Debug/net10.0-windows/ko/Microsoft.Testing.Platform.resources.dll" />
    <File Path="Modelbouwer.UnitTests/Builds/Debug/net10.0-windows/ko/Microsoft.TestPlatform.CommunicationUtilities.resources.dll" />
    <File Path="Modelbouwer.UnitTests/Builds/Debug/net10.0-windows/ko/Microsoft.TestPlatform.CoreUtilities.resources.dll" />
    <File Path="Modelbouwer.UnitTests/Builds/Debug/net10.0-windows/ko/Microsoft.TestPlatform.CrossPlatEngine.resources.dll" />
    <File Path="Modelbouwer.UnitTests/Builds/Debug/net10.0-windows/ko/Microsoft.VisualStudio.TestPlatform.Common.resources.dll" />
    <File Path="Modelbouwer.UnitTests/Builds/Debug/net10.0-windows/ko/Microsoft.VisualStudio.TestPlatform.ObjectModel.resources.dll" />
    <File Path="Modelbouwer.UnitTests/Builds/Debug/net10.0-windows/ko/MSTest.TestFramework.resources.dll" />
  </Folder>
  <Folder Name="/Modelbouwer.UnitTests/Builds/Debug/net10.0-windows/nl/">
    <File Path="Modelbouwer.UnitTests/Builds/Debug/net10.0-windows/nl/Modelbouwer.resources.dll" />
  </Folder>
  <Folder Name="/Modelbouwer.UnitTests/Builds/Debug/net10.0-windows/pl/">
    <File Path="Modelbouwer.UnitTests/Builds/Debug/net10.0-windows/pl/Microsoft.Testing.Extensions.MSBuild.resources.dll" />
    <File Path="Modelbouwer.UnitTests/Builds/Debug/net10.0-windows/pl/Microsoft.Testing.Extensions.Telemetry.resources.dll" />
    <File Path="Modelbouwer.UnitTests/Builds/Debug/net10.0-windows/pl/Microsoft.Testing.Extensions.VSTestBridge.resources.dll" />
    <File Path="Modelbouwer.UnitTests/Builds/Debug/net10.0-windows/pl/Microsoft.Testing.Platform.resources.dll" />
    <File Path="Modelbouwer.UnitTests/Builds/Debug/net10.0-windows/pl/Microsoft.TestPlatform.CommunicationUtilities.resources.dll" />
    <File Path="Modelbouwer.UnitTests/Builds/Debug/net10.0-windows/pl/Microsoft.TestPlatform.CoreUtilities.resources.dll" />
    <File Path="Modelbouwer.UnitTests/Builds/Debug/net10.0-windows/pl/Microsoft.TestPlatform.CrossPlatEngine.resources.dll" />
    <File Path="Modelbouwer.UnitTests/Builds/Debug/net10.0-windows/pl/Microsoft.VisualStudio.TestPlatform.Common.resources.dll" />
    <File Path="Modelbouwer.UnitTests/Builds/Debug/net10.0-windows/pl/Microsoft.VisualStudio.TestPlatform.ObjectModel.resources.dll" />
    <File Path="Modelbouwer.UnitTests/Builds/Debug/net10.0-windows/pl/MSTest.TestFramework.resources.dll" />
  </Folder>
  <Folder Name="/Modelbouwer.UnitTests/Builds/Debug/net10.0-windows/pt-BR/">
    <File Path="Modelbouwer.UnitTests/Builds/Debug/net10.0-windows/pt-BR/Microsoft.Testing.Extensions.MSBuild.resources.dll" />
    <File Path="Modelbouwer.UnitTests/Builds/Debug/net10.0-windows/pt-BR/Microsoft.Testing.Extensions.Telemetry.resources.dll" />
    <File Path="Modelbouwer.UnitTests/Builds/Debug/net10.0-windows/pt-BR/Microsoft.Testing.Extensions.VSTestBridge.resources.dll" />
    <File Path="Modelbouwer.UnitTests/Builds/Debug/net10.0-windows/pt-BR/Microsoft.Testing.Platform.resources.dll" />
    <File Path="Modelbouwer.UnitTests/Builds/Debug/net10.0-windows/pt-BR/Microsoft.TestPlatform.CommunicationUtilities.resources.dll" />
    <File Path="Modelbouwer.UnitTests/Builds/Debug/net10.0-windows/pt-BR/Microsoft.TestPlatform.CoreUtilities.resources.dll" />
    <File Path="Modelbouwer.UnitTests/Builds/Debug/net10.0-windows/pt-BR/Microsoft.TestPlatform.CrossPlatEngine.resources.dll" />
    <File Path="Modelbouwer.UnitTests/Builds/Debug/net10.0-windows/pt-BR/Microsoft.VisualStudio.TestPlatform.Common.resources.dll" />
    <File Path="Modelbouwer.UnitTests/Builds/Debug/net10.0-windows/pt-BR/Microsoft.VisualStudio.TestPlatform.ObjectModel.resources.dll" />
    <File Path="Modelbouwer.UnitTests/Builds/Debug/net10.0-windows/pt-BR/MSTest.TestFramework.resources.dll" />
  </Folder>
  <Folder Name="/Modelbouwer.UnitTests/Builds/Debug/net10.0-windows/pt-PT/" />
  <Folder Name="/Modelbouwer.UnitTests/Builds/Debug/net10.0-windows/Resources/" />
  <Folder Name="/Modelbouwer.UnitTests/Builds/Debug/net10.0-windows/Resources/Config/">
    <File Path="Modelbouwer.UnitTests/Builds/Debug/net10.0-windows/Resources/Config/modelbouwer.config" />
  </Folder>
  <Folder Name="/Modelbouwer.UnitTests/Builds/Debug/net10.0-windows/ru/">
    <File Path="Modelbouwer.UnitTests/Builds/Debug/net10.0-windows/ru/Microsoft.Testing.Extensions.MSBuild.resources.dll" />
    <File Path="Modelbouwer.UnitTests/Builds/Debug/net10.0-windows/ru/Microsoft.Testing.Extensions.Telemetry.resources.dll" />
    <File Path="Modelbouwer.UnitTests/Builds/Debug/net10.0-windows/ru/Microsoft.Testing.Extensions.VSTestBridge.resources.dll" />
    <File Path="Modelbouwer.UnitTests/Builds/Debug/net10.0-windows/ru/Microsoft.Testing.Platform.resources.dll" />
    <File Path="Modelbouwer.UnitTests/Builds/Debug/net10.0-windows/ru/Microsoft.TestPlatform.CommunicationUtilities.resources.dll" />
    <File Path="Modelbouwer.UnitTests/Builds/Debug/net10.0-windows/ru/Microsoft.TestPlatform.CoreUtilities.resources.dll" />
    <File Path="Modelbouwer.UnitTests/Builds/Debug/net10.0-windows/ru/Microsoft.TestPlatform.CrossPlatEngine.resources.dll" />
    <File Path="Modelbouwer.UnitTests/Builds/Debug/net10.0-windows/ru/Microsoft.VisualStudio.TestPlatform.Common.resources.dll" />
    <File Path="Modelbouwer.UnitTests/Builds/Debug/net10.0-windows/ru/Microsoft.VisualStudio.TestPlatform.ObjectModel.resources.dll" />
    <File Path="Modelbouwer.UnitTests/Builds/Debug/net10.0-windows/ru/MSTest.TestFramework.resources.dll" />
  </Folder>
  <Folder Name="/Modelbouwer.UnitTests/Builds/Debug/net10.0-windows/runtimes/" />
  <Folder Name="/Modelbouwer.UnitTests/Builds/Debug/net10.0-windows/runtimes/linux-musl-x64/" />
  <Folder Name="/Modelbouwer.UnitTests/Builds/Debug/net10.0-windows/runtimes/linux-musl-x64/native/" />
  <Folder Name="/Modelbouwer.UnitTests/Builds/Debug/net10.0-windows/runtimes/linux-x64/" />
  <Folder Name="/Modelbouwer.UnitTests/Builds/Debug/net10.0-windows/runtimes/linux-x64/native/" />
  <Folder Name="/Modelbouwer.UnitTests/Builds/Debug/net10.0-windows/runtimes/osx-x64/" />
  <Folder Name="/Modelbouwer.UnitTests/Builds/Debug/net10.0-windows/runtimes/osx-x64/native/" />
  <Folder Name="/Modelbouwer.UnitTests/Builds/Debug/net10.0-windows/runtimes/win-arm64/" />
  <Folder Name="/Modelbouwer.UnitTests/Builds/Debug/net10.0-windows/runtimes/win-arm64/native/" />
  <Folder Name="/Modelbouwer.UnitTests/Builds/Debug/net10.0-windows/runtimes/win-x64/" />
  <Folder Name="/Modelbouwer.UnitTests/Builds/Debug/net10.0-windows/runtimes/win-x64/native/">
    <File Path="Modelbouwer.UnitTests/Builds/Debug/net10.0-windows/runtimes/win-x64/native/comerr64.dll" />
    <File Path="Modelbouwer.UnitTests/Builds/Debug/net10.0-windows/runtimes/win-x64/native/gssapi64.dll" />
    <File Path="Modelbouwer.UnitTests/Builds/Debug/net10.0-windows/runtimes/win-x64/native/k5sprt64.dll" />
    <File Path="Modelbouwer.UnitTests/Builds/Debug/net10.0-windows/runtimes/win-x64/native/krb5_64.dll" />
    <File Path="Modelbouwer.UnitTests/Builds/Debug/net10.0-windows/runtimes/win-x64/native/krbcc64.dll" />
  </Folder>
  <Folder Name="/Modelbouwer.UnitTests/Builds/Debug/net10.0-windows/runtimes/win-x86/" />
  <Folder Name="/Modelbouwer.UnitTests/Builds/Debug/net10.0-windows/runtimes/win-x86/native/" />
  <Folder Name="/Modelbouwer.UnitTests/Builds/Debug/net10.0-windows/sv/" />
  <Folder Name="/Modelbouwer.UnitTests/Builds/Debug/net10.0-windows/tr/">
    <File Path="Modelbouwer.UnitTests/Builds/Debug/net10.0-windows/tr/Microsoft.Testing.Extensions.MSBuild.resources.dll" />
    <File Path="Modelbouwer.UnitTests/Builds/Debug/net10.0-windows/tr/Microsoft.Testing.Extensions.Telemetry.resources.dll" />
    <File Path="Modelbouwer.UnitTests/Builds/Debug/net10.0-windows/tr/Microsoft.Testing.Extensions.VSTestBridge.resources.dll" />
    <File Path="Modelbouwer.UnitTests/Builds/Debug/net10.0-windows/tr/Microsoft.Testing.Platform.resources.dll" />
    <File Path="Modelbouwer.UnitTests/Builds/Debug/net10.0-windows/tr/Microsoft.TestPlatform.CommunicationUtilities.resources.dll" />
    <File Path="Modelbouwer.UnitTests/Builds/Debug/net10.0-windows/tr/Microsoft.TestPlatform.CoreUtilities.resources.dll" />
    <File Path="Modelbouwer.UnitTests/Builds/Debug/net10.0-windows/tr/Microsoft.TestPlatform.CrossPlatEngine.resources.dll" />
    <File Path="Modelbouwer.UnitTests/Builds/Debug/net10.0-windows/tr/Microsoft.VisualStudio.TestPlatform.Common.resources.dll" />
    <File Path="Modelbouwer.UnitTests/Builds/Debug/net10.0-windows/tr/Microsoft.VisualStudio.TestPlatform.ObjectModel.resources.dll" />
    <File Path="Modelbouwer.UnitTests/Builds/Debug/net10.0-windows/tr/MSTest.TestFramework.resources.dll" />
  </Folder>
  <Folder Name="/Modelbouwer.UnitTests/Builds/Debug/net10.0-windows/zh-Hans/">
    <File Path="Modelbouwer.UnitTests/Builds/Debug/net10.0-windows/zh-Hans/Microsoft.Testing.Extensions.MSBuild.resources.dll" />
    <File Path="Modelbouwer.UnitTests/Builds/Debug/net10.0-windows/zh-Hans/Microsoft.Testing.Extensions.Telemetry.resources.dll" />
    <File Path="Modelbouwer.UnitTests/Builds/Debug/net10.0-windows/zh-Hans/Microsoft.Testing.Extensions.VSTestBridge.resources.dll" />
    <File Path="Modelbouwer.UnitTests/Builds/Debug/net10.0-windows/zh-Hans/Microsoft.Testing.Platform.resources.dll" />
    <File Path="Modelbouwer.UnitTests/Builds/Debug/net10.0-windows/zh-Hans/Microsoft.TestPlatform.CommunicationUtilities.resources.dll" />
    <File Path="Modelbouwer.UnitTests/Builds/Debug/net10.0-windows/zh-Hans/Microsoft.TestPlatform.CoreUtilities.resources.dll" />
    <File Path="Modelbouwer.UnitTests/Builds/Debug/net10.0-windows/zh-Hans/Microsoft.TestPlatform.CrossPlatEngine.resources.dll" />
    <File Path="Modelbouwer.UnitTests/Builds/Debug/net10.0-windows/zh-Hans/Microsoft.VisualStudio.TestPlatform.Common.resources.dll" />
    <File Path="Modelbouwer.UnitTests/Builds/Debug/net10.0-windows/zh-Hans/Microsoft.VisualStudio.TestPlatform.ObjectModel.resources.dll" />
    <File Path="Modelbouwer.UnitTests/Builds/Debug/net10.0-windows/zh-Hans/MSTest.TestFramework.resources.dll" />
  </Folder>
  <Folder Name="/Modelbouwer.UnitTests/Builds/Debug/net10.0-windows/zh-Hant/">
    <File Path="Modelbouwer.UnitTests/Builds/Debug/net10.0-windows/zh-Hant/Microsoft.Testing.Extensions.MSBuild.resources.dll" />
    <File Path="Modelbouwer.UnitTests/Builds/Debug/net10.0-windows/zh-Hant/Microsoft.Testing.Extensions.Telemetry.resources.dll" />
    <File Path="Modelbouwer.UnitTests/Builds/Debug/net10.0-windows/zh-Hant/Microsoft.Testing.Extensions.VSTestBridge.resources.dll" />
    <File Path="Modelbouwer.UnitTests/Builds/Debug/net10.0-windows/zh-Hant/Microsoft.Testing.Platform.resources.dll" />
    <File Path="Modelbouwer.UnitTests/Builds/Debug/net10.0-windows/zh-Hant/Microsoft.TestPlatform.CommunicationUtilities.resources.dll" />
    <File Path="Modelbouwer.UnitTests/Builds/Debug/net10.0-windows/zh-Hant/Microsoft.TestPlatform.CoreUtilities.resources.dll" />
    <File Path="Modelbouwer.UnitTests/Builds/Debug/net10.0-windows/zh-Hant/Microsoft.TestPlatform.CrossPlatEngine.resources.dll" />
    <File Path="Modelbouwer.UnitTests/Builds/Debug/net10.0-windows/zh-Hant/Microsoft.VisualStudio.TestPlatform.Common.resources.dll" />
    <File Path="Modelbouwer.UnitTests/Builds/Debug/net10.0-windows/zh-Hant/Microsoft.VisualStudio.TestPlatform.ObjectModel.resources.dll" />
    <File Path="Modelbouwer.UnitTests/Builds/Debug/net10.0-windows/zh-Hant/MSTest.TestFramework.resources.dll" />
  </Folder>
  <Folder Name="/Modelbouwer.UnitTests/Builds/Release/" />
  <Folder Name="/Modelbouwer.UnitTests/Builds/Release/net10.0-windows/" />
  <Folder Name="/Modelbouwer.UnitTests/Models/">
    <File Path="Modelbouwer.UnitTests/Models/ProductModelTests.cs" />
    <File Path="Modelbouwer.UnitTests/Models/ProductUsageModelTests.cs" />
  </Folder>
  <Folder Name="/Modelbouwer.UnitTests/Services/">
    <File Path="Modelbouwer.UnitTests/Services/ProductServiceTests.cs" />
    <File Path="Modelbouwer.UnitTests/Services/ProjectServiceTests.cs" />
    <File Path="Modelbouwer.UnitTests/Services/UnitService.cs" />
  </Folder>
  <Folder Name="/Modelbouwer.UnitTests/TestResults/" />
  <Folder Name="/Modelbouwer.UnitTests/TestResults/Deploy_hnijk 20260430T134549_21028/" />
  <Folder Name="/Modelbouwer.UnitTests/TestResults/Deploy_hnijk 20260430T134549_21028/In/" />
  <Folder Name="/Modelbouwer.UnitTests/TestResults/Deploy_hnijk 20260430T134549_21028/In/HERBIESNB/" />
  <Folder Name="/Modelbouwer.UnitTests/TestResults/Deploy_hnijk 20260430T134748_22728/" />
  <Folder Name="/Modelbouwer.UnitTests/TestResults/Deploy_hnijk 20260430T134748_22728/In/" />
  <Folder Name="/Modelbouwer.UnitTests/TestResults/Deploy_hnijk 20260430T134748_22728/In/HERBIESNB/" />
  <Folder Name="/Modelbouwer.UnitTests/TestResults/Deploy_hnijk 20260430T135021_24224/" />
  <Folder Name="/Modelbouwer.UnitTests/TestResults/Deploy_hnijk 20260430T135021_24224/In/" />
  <Folder Name="/Modelbouwer.UnitTests/TestResults/Deploy_hnijk 20260430T135021_24224/In/HERBIESNB/" />
  <Folder Name="/Modelbouwer.UnitTests/TestResults/Deploy_hnijk 20260430T135139_13280/" />
  <Folder Name="/Modelbouwer.UnitTests/TestResults/Deploy_hnijk 20260430T135139_13280/In/" />
  <Folder Name="/Modelbouwer.UnitTests/TestResults/Deploy_hnijk 20260430T135139_13280/In/HERBIESNB/" />
  <Folder Name="/Modelbouwer.UnitTests/TestResults/Deploy_hnijk 20260430T135304_24892/" />
  <Folder Name="/Modelbouwer.UnitTests/TestResults/Deploy_hnijk 20260430T135304_24892/In/" />
  <Folder Name="/Modelbouwer.UnitTests/TestResults/Deploy_hnijk 20260430T135304_24892/In/HERBIESNB/" />
  <Folder Name="/Modelbouwer.UnitTests/Validators/">
    <File Path="Modelbouwer.UnitTests/Validators/ProductValidatorTests.cs" />
  </Folder>
  <Folder Name="/Modelbouwer.UnitTests/ViewModels/">
    <File Path="Modelbouwer.UnitTests/ViewModels/NavigationViewModelTests.cs" />
    <File Path="Modelbouwer.UnitTests/ViewModels/ProductPageViewModelTests.cs" />
    <File Path="Modelbouwer.UnitTests/ViewModels/SupplierPageViewModelTests.cs" />
  </Folder>
  <Project Path="Modelbouwer/Modelbouwer.csproj" />
</Solution>
